
Microsoft Visual Studio Solution File, Format Version 12.00
# Visual Studio 15
VisualStudioVersion = 15.0.27703.2042
MinimumVisualStudioVersion = 10.0.40219.1
Project("{FAE04EC0-301F-11D3-BF4B-00C04F79EFBC}") = "LearnjQuery", "LearnjQuery\LearnjQuery.csproj", "{17681246-D7C0-4C76-A9B5-BB34602B8FE2}"
EndProject
Global
	GlobalSection(SolutionConfigurationPlatforms) = preSolution
		Debug|Any CPU = Debug|Any CPU
		Release|Any CPU = Release|Any CPU
	EndGlobalSection
	GlobalSection(ProjectConfigurationPlatforms) = postSolution
		{17681246-D7C0-4C76-A9B5-BB34602B8FE2}.Debug|Any CPU.ActiveCfg = Debug|Any CPU
		{17681246-D7C0-4C76-A9B5-BB34602B8FE2}.Debug|Any CPU.Build.0 = Debug|Any CPU
		{17681246-D7C0-4C76-A9B5-BB34602B8FE2}.Release|Any CPU.ActiveCfg = Release|Any CPU
		{17681246-D7C0-4C76-A9B5-BB34602B8FE2}.Release|Any CPU.Build.0 = Release|Any CPU
	EndGlobalSection
	GlobalSection(SolutionProperties) = preSolution
		HideSolutionNode = FALSE
	EndGlobalSection
	GlobalSection(ExtensibilityGlobals) = postSolution
		SolutionGuid = {56AAE7D7-C851-4848-8859-21619F2A29A3}
	EndGlobalSection
EndGlobal
